github.com/IceRhymers/databricks-claude v0.8.1 h1:1gFFG98yLNWf8cR+aFrHIrrTMFItQ/AvRUaPdcnngVU=
github.com/IceRhymers/databricks-claude v0.8.1/go.mod h1:oumYYlTYJnMX94lOok3ammlwLzuPhUhq30DIEFmqwM8=
github.com/tidwall/jsonc v0.3.2 h1:ZTKrmejRlAJYdn0kcaFqRAKlxxFIC21pYq8vLa4p2Wc=
github.com/tidwall/jsonc v0.3.2/go.mod h1:dw+3CIxqHi+t8eFSpzzMlcVYxKp08UP5CD8/uSFCyJE=
