github.com/IceRhymers/databricks-claude v1.2.0 h1:oMbz4b6B7jWmOrW9tJh3qJN0Lr5kCuQCBYIT1/QZqNI=
github.com/IceRhymers/databricks-claude v1.2.0/go.mod h1:oumYYlTYJnMX94lOok3ammlwLzuPhUhq30DIEFmqwM8=
github.com/tidwall/jsonc v0.3.2 h1:ZTKrmejRlAJYdn0kcaFqRAKlxxFIC21pYq8vLa4p2Wc=
github.com/tidwall/jsonc v0.3.2/go.mod h1:dw+3CIxqHi+t8eFSpzzMlcVYxKp08UP5CD8/uSFCyJE=
